
Microsoft Visual Studio Solution File, Format Version 12.00
# Visual Studio 2012
Project("{FAE04EC0-301F-11D3-BF4B-00C04F79EFBC}") = "Everglade Finance", "Everglade Finance\Everglade Finance.csproj", "{2A8437B5-FA42-433C-9455-DCE4876A5D08}"
EndProject
Project("{FAE04EC0-301F-11D3-BF4B-00C04F79EFBC}") = "Engine", "Engine\Engine.csproj", "{F43AEAE1-6C6B-4F12-8D8C-229BE964C299}"
EndProject
Global
	GlobalSection(SolutionConfigurationPlatforms) = preSolution
		Debug|Any CPU = Debug|Any CPU
		Release|Any CPU = Release|Any CPU
	EndGlobalSection
	GlobalSection(ProjectConfigurationPlatforms) = postSolution
		{2A8437B5-FA42-433C-9455-DCE4876A5D08}.Debug|Any CPU.ActiveCfg = Debug|Any CPU
		{2A8437B5-FA42-433C-9455-DCE4876A5D08}.Debug|Any CPU.Build.0 = Debug|Any CPU
		{2A8437B5-FA42-433C-9455-DCE4876A5D08}.Release|Any CPU.ActiveCfg = Release|Any CPU
		{2A8437B5-FA42-433C-9455-DCE4876A5D08}.Release|Any CPU.Build.0 = Release|Any CPU
		{F43AEAE1-6C6B-4F12-8D8C-229BE964C299}.Debug|Any CPU.ActiveCfg = Debug|Any CPU
		{F43AEAE1-6C6B-4F12-8D8C-229BE964C299}.Debug|Any CPU.Build.0 = Debug|Any CPU
		{F43AEAE1-6C6B-4F12-8D8C-229BE964C299}.Release|Any CPU.ActiveCfg = Release|Any CPU
		{F43AEAE1-6C6B-4F12-8D8C-229BE964C299}.Release|Any CPU.Build.0 = Release|Any CPU
	EndGlobalSection
	GlobalSection(SolutionProperties) = preSolution
		HideSolutionNode = FALSE
	EndGlobalSection
EndGlobal
